
Microsoft Visual Studio Solution File, Format Version 12.00
# Visual Studio Version 17
VisualStudioVersion = 17.8.34330.188
MinimumVisualStudioVersion = 10.0.40219.1
Project("{9A19103F-16F7-4668-BE54-9A1E7A4F7556}") = "WallpaperApp", "WallpaperApp.csproj", "{A1D43E72-A880-407F-9E3B-F4B1894DDB3F}"
EndProject
Global
	GlobalSection(SolutionConfigurationPlatforms) = preSolution
		Debug|Any CPU = Debug|Any CPU
		Release|Any CPU = Release|Any CPU
	EndGlobalSection
	GlobalSection(ProjectConfigurationPlatforms) = postSolution
		{A1D43E72-A880-407F-9E3B-F4B1894DDB3F}.Debug|Any CPU.ActiveCfg = Debug|Any CPU
		{A1D43E72-A880-407F-9E3B-F4B1894DDB3F}.Debug|Any CPU.Build.0 = Debug|Any CPU
		{A1D43E72-A880-407F-9E3B-F4B1894DDB3F}.Release|Any CPU.ActiveCfg = Release|Any CPU
		{A1D43E72-A880-407F-9E3B-F4B1894DDB3F}.Release|Any CPU.Build.0 = Release|Any CPU
	EndGlobalSection
	GlobalSection(SolutionProperties) = preSolution
		HideSolutionNode = FALSE
	EndGlobalSection
	GlobalSection(ExtensibilityGlobals) = postSolution
		SolutionGuid = {5F11195B-D186-467B-A86F-59BAA0610379}
	EndGlobalSection
EndGlobal
